---
- name: Start adblock
  hosts: gman.local
  tasks:
    - name: Create adblock network
      community.docker.docker_network:
        name: "{{ adblock.network_name }}"
        driver_options:
          com.docker.network.driver.mtu: 1500
        ipam_config:
          - subnet: "{{ adblock.network_cidr }}"
            gateway: "{{ adblock.network_gateway }}"
        state: present

    - name: AdGuard
      community.docker.docker_container:
        name: adguard
        image: adguard/adguardhome:latest
        pull: missing
        restart_policy: always
        networks:
          - name: "{{ adblock.network_name }}"
            ipv4_address: "{{ adblock.adguard_address }}"
        ports:
          - "3000:3000/tcp"
          # - "8000:80/tcp"
          - "80:80/tcp"
          - "53:53/tcp"
          - "53:53/udp"
        volumes:
          - /opt/adguard/work:/opt/adguardhome/work:rw
          - /opt/adguard/conf:/opt/adguardhome/conf:rw
